
Microsoft Visual Studio Solution File, Format Version 12.00
# Visual Studio Version 17
VisualStudioVersion = 17.0.31903.59
MinimumVisualStudioVersion = 10.0.40219.1
Project("{FAE04EC0-301F-11D3-BF4B-00C04F79EFBC}") = "Hytale.Qa.Contracts", "src\Hytale.Qa.Contracts\Hytale.Qa.Contracts.csproj", "{5B96A17C-00A4-43E0-9956-B01B2CB45E68}"
EndProject
Project("{FAE04EC0-301F-11D3-BF4B-00C04F79EFBC}") = "Hytale.Qa.Windows", "src\Hytale.Qa.Windows\Hytale.Qa.Windows.csproj", "{D5D2FC0B-C87D-43F1-88C8-F42F0534EFFC}"
EndProject
Project("{FAE04EC0-301F-11D3-BF4B-00C04F79EFBC}") = "Hytale.Qa.Worker", "src\Hytale.Qa.Worker\Hytale.Qa.Worker.csproj", "{013F7A87-8153-44AB-815F-4EB2646EE391}"
EndProject
Project("{FAE04EC0-301F-11D3-BF4B-00C04F79EFBC}") = "Hytale.Qa.Orchestrator", "src\Hytale.Qa.Orchestrator\Hytale.Qa.Orchestrator.csproj", "{8ED2A7D4-8B12-4A4F-B5DC-A10D02430EA1}"
EndProject
Project("{FAE04EC0-301F-11D3-BF4B-00C04F79EFBC}") = "Hytale.Qa.Mcp", "src\Hytale.Qa.Mcp\Hytale.Qa.Mcp.csproj", "{4C0CEAF3-686D-4CC2-A38F-DF3156E8E17D}"
EndProject
Project("{FAE04EC0-301F-11D3-BF4B-00C04F79EFBC}") = "Hytale.Qa.Tests", "tests\Hytale.Qa.Tests\Hytale.Qa.Tests.csproj", "{0A02DC43-B3CD-4E58-94B4-0B0BB2923190}"
EndProject
Project("{2150E333-8FDC-42A3-9474-1A3956D46DE8}") = "src", "src", "{827E0CD3-B72D-47B6-A68D-7590B98EB39B}"
EndProject
Project("{FAE04EC0-301F-11D3-BF4B-00C04F79EFBC}") = "Hytale.Qa.Runner", "src\Hytale.Qa.Runner\Hytale.Qa.Runner.csproj", "{CC6EAA18-1FA1-44D2-9BCB-58366E3B67AF}"
EndProject
Project("{FAE04EC0-301F-11D3-BF4B-00C04F79EFBC}") = "Hytale.Qa.Cli", "src\Hytale.Qa.Cli\Hytale.Qa.Cli.csproj", "{207C37D8-6BE7-4058-98FA-EAD7ABF5E626}"
EndProject
Project("{FAE04EC0-301F-11D3-BF4B-00C04F79EFBC}") = "Hytale.Qa.Runner.Tests", "tests\Hytale.Qa.Runner.Tests\Hytale.Qa.Runner.Tests.csproj", "{0E8BEF0E-25BF-41BC-AE86-5250E1C17A84}"
EndProject
Project("{2150E333-8FDC-42A3-9474-1A3956D46DE8}") = "tests", "tests", "{0AB3BF05-4346-4AA6-1389-037BE0695223}"
EndProject
Project("{FAE04EC0-301F-11D3-BF4B-00C04F79EFBC}") = "Hytale.Qa.Mcp.Tests", "tests\Hytale.Qa.Mcp.Tests\Hytale.Qa.Mcp.Tests.csproj", "{8F7D94F3-3C1D-4895-95B6-CFC0998D6180}"
EndProject
Global
	GlobalSection(SolutionConfigurationPlatforms) = preSolution
		Debug|Any CPU = Debug|Any CPU
		Debug|x64 = Debug|x64
		Debug|x86 = Debug|x86
		Release|Any CPU = Release|Any CPU
		Release|x64 = Release|x64
		Release|x86 = Release|x86
	EndGlobalSection
	GlobalSection(ProjectConfigurationPlatforms) = postSolution
		{5B96A17C-00A4-43E0-9956-B01B2CB45E68}.Debug|Any CPU.ActiveCfg = Debug|Any CPU
		{5B96A17C-00A4-43E0-9956-B01B2CB45E68}.Debug|Any CPU.Build.0 = Debug|Any CPU
		{5B96A17C-00A4-43E0-9956-B01B2CB45E68}.Debug|x64.ActiveCfg = Debug|Any CPU
		{5B96A17C-00A4-43E0-9956-B01B2CB45E68}.Debug|x64.Build.0 = Debug|Any CPU
		{5B96A17C-00A4-43E0-9956-B01B2CB45E68}.Debug|x86.ActiveCfg = Debug|Any CPU
		{5B96A17C-00A4-43E0-9956-B01B2CB45E68}.Debug|x86.Build.0 = Debug|Any CPU
		{5B96A17C-00A4-43E0-9956-B01B2CB45E68}.Release|Any CPU.ActiveCfg = Release|Any CPU
		{5B96A17C-00A4-43E0-9956-B01B2CB45E68}.Release|Any CPU.Build.0 = Release|Any CPU
		{5B96A17C-00A4-43E0-9956-B01B2CB45E68}.Release|x64.ActiveCfg = Release|Any CPU
		{5B96A17C-00A4-43E0-9956-B01B2CB45E68}.Release|x64.Build.0 = Release|Any CPU
		{5B96A17C-00A4-43E0-9956-B01B2CB45E68}.Release|x86.ActiveCfg = Release|Any CPU
		{5B96A17C-00A4-43E0-9956-B01B2CB45E68}.Release|x86.Build.0 = Release|Any CPU
		{D5D2FC0B-C87D-43F1-88C8-F42F0534EFFC}.Debug|Any CPU.ActiveCfg = Debug|Any CPU
		{D5D2FC0B-C87D-43F1-88C8-F42F0534EFFC}.Debug|Any CPU.Build.0 = Debug|Any CPU
		{D5D2FC0B-C87D-43F1-88C8-F42F0534EFFC}.Debug|x64.ActiveCfg = Debug|Any CPU
		{D5D2FC0B-C87D-43F1-88C8-F42F0534EFFC}.Debug|x64.Build.0 = Debug|Any CPU
		{D5D2FC0B-C87D-43F1-88C8-F42F0534EFFC}.Debug|x86.ActiveCfg = Debug|Any CPU
		{D5D2FC0B-C87D-43F1-88C8-F42F0534EFFC}.Debug|x86.Build.0 = Debug|Any CPU
		{D5D2FC0B-C87D-43F1-88C8-F42F0534EFFC}.Release|Any CPU.ActiveCfg = Release|Any CPU
		{D5D2FC0B-C87D-43F1-88C8-F42F0534EFFC}.Release|Any CPU.Build.0 = Release|Any CPU
		{D5D2FC0B-C87D-43F1-88C8-F42F0534EFFC}.Release|x64.ActiveCfg = Release|Any CPU
		{D5D2FC0B-C87D-43F1-88C8-F42F0534EFFC}.Release|x64.Build.0 = Release|Any CPU
		{D5D2FC0B-C87D-43F1-88C8-F42F0534EFFC}.Release|x86.ActiveCfg = Release|Any CPU
		{D5D2FC0B-C87D-43F1-88C8-F42F0534EFFC}.Release|x86.Build.0 = Release|Any CPU
		{013F7A87-8153-44AB-815F-4EB2646EE391}.Debug|Any CPU.ActiveCfg = Debug|Any CPU
		{013F7A87-8153-44AB-815F-4EB2646EE391}.Debug|Any CPU.Build.0 = Debug|Any CPU
		{013F7A87-8153-44AB-815F-4EB2646EE391}.Debug|x64.ActiveCfg = Debug|Any CPU
		{013F7A87-8153-44AB-815F-4EB2646EE391}.Debug|x64.Build.0 = Debug|Any CPU
		{013F7A87-8153-44AB-815F-4EB2646EE391}.Debug|x86.ActiveCfg = Debug|Any CPU
		{013F7A87-8153-44AB-815F-4EB2646EE391}.Debug|x86.Build.0 = Debug|Any CPU
		{013F7A87-8153-44AB-815F-4EB2646EE391}.Release|Any CPU.ActiveCfg = Release|Any CPU
		{013F7A87-8153-44AB-815F-4EB2646EE391}.Release|Any CPU.Build.0 = Release|Any CPU
		{013F7A87-8153-44AB-815F-4EB2646EE391}.Release|x64.ActiveCfg = Release|Any CPU
		{013F7A87-8153-44AB-815F-4EB2646EE391}.Release|x64.Build.0 = Release|Any CPU
		{013F7A87-8153-44AB-815F-4EB2646EE391}.Release|x86.ActiveCfg = Release|Any CPU
		{013F7A87-8153-44AB-815F-4EB2646EE391}.Release|x86.Build.0 = Release|Any CPU
		{8ED2A7D4-8B12-4A4F-B5DC-A10D02430EA1}.Debug|Any CPU.ActiveCfg = Debug|Any CPU
		{8ED2A7D4-8B12-4A4F-B5DC-A10D02430EA1}.Debug|Any CPU.Build.0 = Debug|Any CPU
		{8ED2A7D4-8B12-4A4F-B5DC-A10D02430EA1}.Debug|x64.ActiveCfg = Debug|Any CPU
		{8ED2A7D4-8B12-4A4F-B5DC-A10D02430EA1}.Debug|x64.Build.0 = Debug|Any CPU
		{8ED2A7D4-8B12-4A4F-B5DC-A10D02430EA1}.Debug|x86.ActiveCfg = Debug|Any CPU
		{8ED2A7D4-8B12-4A4F-B5DC-A10D02430EA1}.Debug|x86.Build.0 = Debug|Any CPU
		{8ED2A7D4-8B12-4A4F-B5DC-A10D02430EA1}.Release|Any CPU.ActiveCfg = Release|Any CPU
		{8ED2A7D4-8B12-4A4F-B5DC-A10D02430EA1}.Release|Any CPU.Build.0 = Release|Any CPU
		{8ED2A7D4-8B12-4A4F-B5DC-A10D02430EA1}.Release|x64.ActiveCfg = Release|Any CPU
		{8ED2A7D4-8B12-4A4F-B5DC-A10D02430EA1}.Release|x64.Build.0 = Release|Any CPU
		{8ED2A7D4-8B12-4A4F-B5DC-A10D02430EA1}.Release|x86.ActiveCfg = Release|Any CPU
		{8ED2A7D4-8B12-4A4F-B5DC-A10D02430EA1}.Release|x86.Build.0 = Release|Any CPU
		{4C0CEAF3-686D-4CC2-A38F-DF3156E8E17D}.Debug|Any CPU.ActiveCfg = Debug|Any CPU
		{4C0CEAF3-686D-4CC2-A38F-DF3156E8E17D}.Debug|Any CPU.Build.0 = Debug|Any CPU
		{4C0CEAF3-686D-4CC2-A38F-DF3156E8E17D}.Debug|x64.ActiveCfg = Debug|Any CPU
		{4C0CEAF3-686D-4CC2-A38F-DF3156E8E17D}.Debug|x64.Build.0 = Debug|Any CPU
		{4C0CEAF3-686D-4CC2-A38F-DF3156E8E17D}.Debug|x86.ActiveCfg = Debug|Any CPU
		{4C0CEAF3-686D-4CC2-A38F-DF3156E8E17D}.Debug|x86.Build.0 = Debug|Any CPU
		{4C0CEAF3-686D-4CC2-A38F-DF3156E8E17D}.Release|Any CPU.ActiveCfg = Release|Any CPU
		{4C0CEAF3-686D-4CC2-A38F-DF3156E8E17D}.Release|Any CPU.Build.0 = Release|Any CPU
		{4C0CEAF3-686D-4CC2-A38F-DF3156E8E17D}.Release|x64.ActiveCfg = Release|Any CPU
		{4C0CEAF3-686D-4CC2-A38F-DF3156E8E17D}.Release|x64.Build.0 = Release|Any CPU
		{4C0CEAF3-686D-4CC2-A38F-DF3156E8E17D}.Release|x86.ActiveCfg = Release|Any CPU
		{4C0CEAF3-686D-4CC2-A38F-DF3156E8E17D}.Release|x86.Build.0 = Release|Any CPU
		{0A02DC43-B3CD-4E58-94B4-0B0BB2923190}.Debug|Any CPU.ActiveCfg = Debug|Any CPU
		{0A02DC43-B3CD-4E58-94B4-0B0BB2923190}.Debug|Any CPU.Build.0 = Debug|Any CPU
		{0A02DC43-B3CD-4E58-94B4-0B0BB2923190}.Debug|x64.ActiveCfg = Debug|Any CPU
		{0A02DC43-B3CD-4E58-94B4-0B0BB2923190}.Debug|x64.Build.0 = Debug|Any CPU
		{0A02DC43-B3CD-4E58-94B4-0B0BB2923190}.Debug|x86.ActiveCfg = Debug|Any CPU
		{0A02DC43-B3CD-4E58-94B4-0B0BB2923190}.Debug|x86.Build.0 = Debug|Any CPU
		{0A02DC43-B3CD-4E58-94B4-0B0BB2923190}.Release|Any CPU.ActiveCfg = Release|Any CPU
		{0A02DC43-B3CD-4E58-94B4-0B0BB2923190}.Release|Any CPU.Build.0 = Release|Any CPU
		{0A02DC43-B3CD-4E58-94B4-0B0BB2923190}.Release|x64.ActiveCfg = Release|Any CPU
		{0A02DC43-B3CD-4E58-94B4-0B0BB2923190}.Release|x64.Build.0 = Release|Any CPU
		{0A02DC43-B3CD-4E58-94B4-0B0BB2923190}.Release|x86.ActiveCfg = Release|Any CPU
		{0A02DC43-B3CD-4E58-94B4-0B0BB2923190}.Release|x86.Build.0 = Release|Any CPU
		{CC6EAA18-1FA1-44D2-9BCB-58366E3B67AF}.Debug|Any CPU.ActiveCfg = Debug|Any CPU
		{CC6EAA18-1FA1-44D2-9BCB-58366E3B67AF}.Debug|Any CPU.Build.0 = Debug|Any CPU
		{CC6EAA18-1FA1-44D2-9BCB-58366E3B67AF}.Debug|x64.ActiveCfg = Debug|Any CPU
		{CC6EAA18-1FA1-44D2-9BCB-58366E3B67AF}.Debug|x64.Build.0 = Debug|Any CPU
		{CC6EAA18-1FA1-44D2-9BCB-58366E3B67AF}.Debug|x86.ActiveCfg = Debug|Any CPU
		{CC6EAA18-1FA1-44D2-9BCB-58366E3B67AF}.Debug|x86.Build.0 = Debug|Any CPU
		{CC6EAA18-1FA1-44D2-9BCB-58366E3B67AF}.Release|Any CPU.ActiveCfg = Release|Any CPU
		{CC6EAA18-1FA1-44D2-9BCB-58366E3B67AF}.Release|Any CPU.Build.0 = Release|Any CPU
		{CC6EAA18-1FA1-44D2-9BCB-58366E3B67AF}.Release|x64.ActiveCfg = Release|Any CPU
		{CC6EAA18-1FA1-44D2-9BCB-58366E3B67AF}.Release|x64.Build.0 = Release|Any CPU
		{CC6EAA18-1FA1-44D2-9BCB-58366E3B67AF}.Release|x86.ActiveCfg = Release|Any CPU
		{CC6EAA18-1FA1-44D2-9BCB-58366E3B67AF}.Release|x86.Build.0 = Release|Any CPU
		{207C37D8-6BE7-4058-98FA-EAD7ABF5E626}.Debug|Any CPU.ActiveCfg = Debug|Any CPU
		{207C37D8-6BE7-4058-98FA-EAD7ABF5E626}.Debug|Any CPU.Build.0 = Debug|Any CPU
		{207C37D8-6BE7-4058-98FA-EAD7ABF5E626}.Debug|x64.ActiveCfg = Debug|Any CPU
		{207C37D8-6BE7-4058-98FA-EAD7ABF5E626}.Debug|x64.Build.0 = Debug|Any CPU
		{207C37D8-6BE7-4058-98FA-EAD7ABF5E626}.Debug|x86.ActiveCfg = Debug|Any CPU
		{207C37D8-6BE7-4058-98FA-EAD7ABF5E626}.Debug|x86.Build.0 = Debug|Any CPU
		{207C37D8-6BE7-4058-98FA-EAD7ABF5E626}.Release|Any CPU.ActiveCfg = Release|Any CPU
		{207C37D8-6BE7-4058-98FA-EAD7ABF5E626}.Release|Any CPU.Build.0 = Release|Any CPU
		{207C37D8-6BE7-4058-98FA-EAD7ABF5E626}.Release|x64.ActiveCfg = Release|Any CPU
		{207C37D8-6BE7-4058-98FA-EAD7ABF5E626}.Release|x64.Build.0 = Release|Any CPU
		{207C37D8-6BE7-4058-98FA-EAD7ABF5E626}.Release|x86.ActiveCfg = Release|Any CPU
		{207C37D8-6BE7-4058-98FA-EAD7ABF5E626}.Release|x86.Build.0 = Release|Any CPU
		{0E8BEF0E-25BF-41BC-AE86-5250E1C17A84}.Debug|Any CPU.ActiveCfg = Debug|Any CPU
		{0E8BEF0E-25BF-41BC-AE86-5250E1C17A84}.Debug|Any CPU.Build.0 = Debug|Any CPU
		{0E8BEF0E-25BF-41BC-AE86-5250E1C17A84}.Debug|x64.ActiveCfg = Debug|Any CPU
		{0E8BEF0E-25BF-41BC-AE86-5250E1C17A84}.Debug|x64.Build.0 = Debug|Any CPU
		{0E8BEF0E-25BF-41BC-AE86-5250E1C17A84}.Debug|x86.ActiveCfg = Debug|Any CPU
		{0E8BEF0E-25BF-41BC-AE86-5250E1C17A84}.Debug|x86.Build.0 = Debug|Any CPU
		{0E8BEF0E-25BF-41BC-AE86-5250E1C17A84}.Release|Any CPU.ActiveCfg = Release|Any CPU
		{0E8BEF0E-25BF-41BC-AE86-5250E1C17A84}.Release|Any CPU.Build.0 = Release|Any CPU
		{0E8BEF0E-25BF-41BC-AE86-5250E1C17A84}.Release|x64.ActiveCfg = Release|Any CPU
		{0E8BEF0E-25BF-41BC-AE86-5250E1C17A84}.Release|x64.Build.0 = Release|Any CPU
		{0E8BEF0E-25BF-41BC-AE86-5250E1C17A84}.Release|x86.ActiveCfg = Release|Any CPU
		{0E8BEF0E-25BF-41BC-AE86-5250E1C17A84}.Release|x86.Build.0 = Release|Any CPU
		{8F7D94F3-3C1D-4895-95B6-CFC0998D6180}.Debug|Any CPU.ActiveCfg = Debug|Any CPU
		{8F7D94F3-3C1D-4895-95B6-CFC0998D6180}.Debug|Any CPU.Build.0 = Debug|Any CPU
		{8F7D94F3-3C1D-4895-95B6-CFC0998D6180}.Debug|x64.ActiveCfg = Debug|Any CPU
		{8F7D94F3-3C1D-4895-95B6-CFC0998D6180}.Debug|x64.Build.0 = Debug|Any CPU
		{8F7D94F3-3C1D-4895-95B6-CFC0998D6180}.Debug|x86.ActiveCfg = Debug|Any CPU
		{8F7D94F3-3C1D-4895-95B6-CFC0998D6180}.Debug|x86.Build.0 = Debug|Any CPU
		{8F7D94F3-3C1D-4895-95B6-CFC0998D6180}.Release|Any CPU.ActiveCfg = Release|Any CPU
		{8F7D94F3-3C1D-4895-95B6-CFC0998D6180}.Release|Any CPU.Build.0 = Release|Any CPU
		{8F7D94F3-3C1D-4895-95B6-CFC0998D6180}.Release|x64.ActiveCfg = Release|Any CPU
		{8F7D94F3-3C1D-4895-95B6-CFC0998D6180}.Release|x64.Build.0 = Release|Any CPU
		{8F7D94F3-3C1D-4895-95B6-CFC0998D6180}.Release|x86.ActiveCfg = Release|Any CPU
		{8F7D94F3-3C1D-4895-95B6-CFC0998D6180}.Release|x86.Build.0 = Release|Any CPU
	EndGlobalSection
	GlobalSection(SolutionProperties) = preSolution
		HideSolutionNode = FALSE
	EndGlobalSection
	GlobalSection(NestedProjects) = preSolution
		{CC6EAA18-1FA1-44D2-9BCB-58366E3B67AF} = {827E0CD3-B72D-47B6-A68D-7590B98EB39B}
		{207C37D8-6BE7-4058-98FA-EAD7ABF5E626} = {827E0CD3-B72D-47B6-A68D-7590B98EB39B}
		{0E8BEF0E-25BF-41BC-AE86-5250E1C17A84} = {827E0CD3-B72D-47B6-A68D-7590B98EB39B}
		{8F7D94F3-3C1D-4895-95B6-CFC0998D6180} = {0AB3BF05-4346-4AA6-1389-037BE0695223}
	EndGlobalSection
EndGlobal
